// !$*UTF8*$!
{
	archiveVersion = 1;
	classes = {
	};
	objectVersion = 46;
	objects = {

/* Begin PBXBuildFile section */
		3D9E49831D114E6A005C6F7E /* AppDelegate.swift in Sources */ = {isa = PBXBuildFile; fileRef = 3D9E49821D114E6A005C6F7E /* AppDelegate.swift */; };
		3D9E49851D114E6A005C6F7E /* ViewController.swift in Sources */ = {isa = PBXBuildFile; fileRef = 3D9E49841D114E6A005C6F7E /* ViewController.swift */; };
		3D9E49881D114E6A005C6F7E /* Main.storyboard in Resources */ = {isa = PBXBuildFile; fileRef = 3D9E49861D114E6A005C6F7E /* Main.storyboard */; };
		3D9E498A1D114E6A005C6F7E /* Assets.xcassets in Resources */ = {isa = PBXBuildFile; fileRef = 3D9E49891D114E6A005C6F7E /* Assets.xcassets */; };
		3D9E498D1D114E6A005C6F7E /* LaunchScreen.storyboard in Resources */ = {isa = PBXBuildFile; fileRef = 3D9E498B1D114E6A005C6F7E /* LaunchScreen.storyboard */; };
		3D9E49981D114E6A005C6F7E /* AVBasicPlaybackTests.swift in Sources */ = {isa = PBXBuildFile; fileRef = 3D9E49971D114E6A005C6F7E /* AVBasicPlaybackTests.swift */; };
		3D9E49A31D114E6A005C6F7E /* AVBasicPlaybackUITests.swift in Sources */ = {isa = PBXBuildFile; fileRef = 3D9E49A21D114E6A005C6F7E /* AVBasicPlaybackUITests.swift */; };
/* End PBXBuildFile section */

/* Begin PBXContainerItemProxy section */
		3D9E49941D114E6A005C6F7E /* PBXContainerItemProxy */ = {
			isa = PBXContainerItemProxy;
			containerPortal = 3D9E49771D114E6A005C6F7E /* Project object */;
			proxyType = 1;
			remoteGlobalIDString = 3D9E497E1D114E6A005C6F7E;
			remoteInfo = AVBasicPlayback;
		};
		3D9E499F1D114E6A005C6F7E /* PBXContainerItemProxy */ = {
			isa = PBXContainerItemProxy;
			containerPortal = 3D9E49771D114E6A005C6F7E /* Project object */;
			proxyType = 1;
			remoteGlobalIDString = 3D9E497E1D114E6A005C6F7E;
			remoteInfo = AVBasicPlayback;
		};
/* End PBXContainerItemProxy section */

/* Begin PBXFileReference section */
		3D9E497F1D114E6A005C6F7E /* AVBasicPlayback.app */ = {isa = PBXFileReference; explicitFileType = wrapper.application; includeInIndex = 0; path = AVBasicPlayback.app; sourceTree = BUILT_PRODUCTS_DIR; };
		3D9E49821D114E6A005C6F7E /* AppDelegate.swift */ = {isa = PBXFileReference; lastKnownFileType = sourcecode.swift; path = AppDelegate.swift; sourceTree = "<group>"; };
		3D9E49841D114E6A005C6F7E /* ViewController.swift */ = {isa = PBXFileReference; lastKnownFileType = sourcecode.swift; path = ViewController.swift; sourceTree = "<group>"; };
		3D9E49871D114E6A005C6F7E /* Base */ = {isa = PBXFileReference; lastKnownFileType = file.storyboard; name = Base; path = Base.lproj/Main.storyboard; sourceTree = "<group>"; };
		3D9E49891D114E6A005C6F7E /* Assets.xcassets */ = {isa = PBXFileReference; lastKnownFileType = folder.assetcatalog; path = Assets.xcassets; sourceTree = "<group>"; };
		3D9E498C1D114E6A005C6F7E /* Base */ = {isa = PBXFileReference; lastKnownFileType = file.storyboard; name = Base; path = Base.lproj/LaunchScreen.storyboard; sourceTree = "<group>"; };
		3D9E498E1D114E6A005C6F7E /* Info.plist */ = {isa = PBXFileReference; lastKnownFileType = text.plist.xml; path = Info.plist; sourceTree = "<group>"; };
		3D9E49931D114E6A005C6F7E /* AVBasicPlaybackTests.xctest */ = {isa = PBXFileReference; explicitFileType = wrapper.cfbundle; includeInIndex = 0; path = AVBasicPlaybackTests.xctest; sourceTree = BUILT_PRODUCTS_DIR; };
		3D9E49971D114E6A005C6F7E /* AVBasicPlaybackTests.swift */ = {isa = PBXFileReference; lastKnownFileType = sourcecode.swift; path = AVBasicPlaybackTests.swift; sourceTree = "<group>"; };
		3D9E49991D114E6A005C6F7E /* Info.plist */ = {isa = PBXFileReference; lastKnownFileType = text.plist.xml; path = Info.plist; sourceTree = "<group>"; };
		3D9E499E1D114E6A005C6F7E /* AVBasicPlaybackUITests.xctest */ = {isa = PBXFileReference; explicitFileType = wrapper.cfbundle; includeInIndex = 0; path = AVBasicPlaybackUITests.xctest; sourceTree = BUILT_PRODUCTS_DIR; };
		3D9E49A21D114E6A005C6F7E /* AVBasicPlaybackUITests.swift */ = {isa = PBXFileReference; lastKnownFileType = sourcecode.swift; path = AVBasicPlaybackUITests.swift; sourceTree = "<group>"; };
		3D9E49A41D114E6A005C6F7E /* Info.plist */ = {isa = PBXFileReference; lastKnownFileType = text.plist.xml; path = Info.plist; sourceTree = "<group>"; };
/* End PBXFileReference section */

/* Begin PBXFrameworksBuildPhase section */
		3D9E497C1D114E6A005C6F7E /* Frameworks */ = {
			isa = PBXFrameworksBuildPhase;
			buildActionMask = 2147483647;
			files = (
			);
			runOnlyForDeploymentPostprocessing = 0;
		};
		3D9E49901D114E6A005C6F7E /* Frameworks */ = {
			isa = PBXFrameworksBuildPhase;
			buildActionMask = 2147483647;
			files = (
			);
			runOnlyForDeploymentPostprocessing = 0;
		};
		3D9E499B1D114E6A005C6F7E /* Frameworks */ = {
			isa = PBXFrameworksBuildPhase;
			buildActionMask = 2147483647;
			files = (
			);
			runOnlyForDeploymentPostprocessing = 0;
		};
/* End PBXFrameworksBuildPhase section */

/* Begin PBXGroup section */
		3D9E49761D114E6A005C6F7E = {
			isa = PBXGroup;
			children = (
				3D9E49811D114E6A005C6F7E /* AVBasicPlayback */,
				3D9E49961D114E6A005C6F7E /* AVBasicPlaybackTests */,
				3D9E49A11D114E6A005C6F7E /* AVBasicPlaybackUITests */,
				3D9E49801D114E6A005C6F7E /* Products */,
			);
			sourceTree = "<group>";
		};
		3D9E49801D114E6A005C6F7E /* Products */ = {
			isa = PBXGroup;
			children = (
				3D9E497F1D114E6A005C6F7E /* AVBasicPlayback.app */,
				3D9E49931D114E6A005C6F7E /* AVBasicPlaybackTests.xctest */,
				3D9E499E1D114E6A005C6F7E /* AVBasicPlaybackUITests.xctest */,
			);
			name = Products;
			sourceTree = "<group>";
		};
		3D9E49811D114E6A005C6F7E /* AVBasicPlayback */ = {
			isa = PBXGroup;
			children = (
				3D9E49821D114E6A005C6F7E /* AppDelegate.swift */,
				3D9E49841D114E6A005C6F7E /* ViewController.swift */,
				3D9E49861D114E6A005C6F7E /* Main.storyboard */,
				3D9E49891D114E6A005C6F7E /* Assets.xcassets */,
				3D9E498B1D114E6A005C6F7E /* LaunchScreen.storyboard */,
				3D9E498E1D114E6A005C6F7E /* Info.plist */,
			);
			path = AVBasicPlayback;
			sourceTree = "<group>";
		};
		3D9E49961D114E6A005C6F7E /* AVBasicPlaybackTests */ = {
			isa = PBXGroup;
			children = (
				3D9E49971D114E6A005C6F7E /* AVBasicPlaybackTests.swift */,
				3D9E49991D114E6A005C6F7E /* Info.plist */,
			);
			path = AVBasicPlaybackTests;
			sourceTree = "<group>";
		};
		3D9E49A11D114E6A005C6F7E /* AVBasicPlaybackUITests */ = {
			isa = PBXGroup;
			children = (
				3D9E49A21D114E6A005C6F7E /* AVBasicPlaybackUITests.swift */,
				3D9E49A41D114E6A005C6F7E /* Info.plist */,
			);
			path = AVBasicPlaybackUITests;
			sourceTree = "<group>";
		};
/* End PBXGroup section */

/* Begin PBXNativeTarget section */
		3D9E497E1D114E6A005C6F7E /* AVBasicPlayback */ = {
			isa = PBXNativeTarget;
			buildConfigurationList = 3D9E49A71D114E6A005C6F7E /* Build configuration list for PBXNativeTarget "AVBasicPlayback" */;
			buildPhases = (
				3D9E497B1D114E6A005C6F7E /* Sources */,
				3D9E497C1D114E6A005C6F7E /* Frameworks */,
				3D9E497D1D114E6A005C6F7E /* Resources */,
			);
			buildRules = (
			);
			dependencies = (
			);
			name = AVBasicPlayback;
			productName = AVBasicPlayback;
			productReference = 3D9E497F1D114E6A005C6F7E /* AVBasicPlayback.app */;
			productType = "com.apple.product-type.application";
		};
		3D9E49921D114E6A005C6F7E /* AVBasicPlaybackTests */ = {
			isa = PBXNativeTarget;
			buildConfigurationList = 3D9E49AA1D114E6A005C6F7E /* Build configuration list for PBXNativeTarget "AVBasicPlaybackTests" */;
			buildPhases = (
				3D9E498F1D114E6A005C6F7E /* Sources */,
				3D9E49901D114E6A005C6F7E /* Frameworks */,
				3D9E49911D114E6A005C6F7E /* Resources */,
			);
			buildRules = (
			);
			dependencies = (
				3D9E49951D114E6A005C6F7E /* PBXTargetDependency */,
			);
			name = AVBasicPlaybackTests;
			productName = AVBasicPlaybackTests;
			productReference = 3D9E49931D114E6A005C6F7E /* AVBasicPlaybackTests.xctest */;
			productType = "com.apple.product-type.bundle.unit-test";
		};
		3D9E499D1D114E6A005C6F7E /* AVBasicPlaybackUITests */ = {
			isa = PBXNativeTarget;
			buildConfigurationList = 3D9E49AD1D114E6A005C6F7E /* Build configuration list for PBXNativeTarget "AVBasicPlaybackUITests" */;
			buildPhases = (
				3D9E499A1D114E6A005C6F7E /* Sources */,
				3D9E499B1D114E6A005C6F7E /* Frameworks */,
				3D9E499C1D114E6A005C6F7E /* Resources */,
			);
			buildRules = (
			);
			dependencies = (
				3D9E49A01D114E6A005C6F7E /* PBXTargetDependency */,
			);
			name = AVBasicPlaybackUITests;
			productName = AVBasicPlaybackUITests;
			productReference = 3D9E499E1D114E6A005C6F7E /* AVBasicPlaybackUITests.xctest */;
			productType = "com.apple.product-type.bundle.ui-testing";
		};
/* End PBXNativeTarget section */

/* Begin PBXProject section */
		3D9E49771D114E6A005C6F7E /* Project object */ = {
			isa = PBXProject;
			attributes = {
				LastSwiftUpdateCheck = 0730;
				LastUpgradeCheck = 0730;
				ORGANIZATIONNAME = "Myoung-Wan Koo";
				TargetAttributes = {
					3D9E497E1D114E6A005C6F7E = {
						CreatedOnToolsVersion = 7.3.1;
					};
					3D9E49921D114E6A005C6F7E = {
						CreatedOnToolsVersion = 7.3.1;
						TestTargetID = 3D9E497E1D114E6A005C6F7E;
					};
					3D9E499D1D114E6A005C6F7E = {
						CreatedOnToolsVersion = 7.3.1;
						TestTargetID = 3D9E497E1D114E6A005C6F7E;
					};
				};
			};
			buildConfigurationList = 3D9E497A1D114E6A005C6F7E /* Build configuration list for PBXProject "AVBasicPlayback" */;
			compatibilityVersion = "Xcode 3.2";
			developmentRegion = English;
			hasScannedForEncodings = 0;
			knownRegions = (
				en,
				Base,
			);
			mainGroup = 3D9E49761D114E6A005C6F7E;
			productRefGroup = 3D9E49801D114E6A005C6F7E /* Products */;
			projectDirPath = "";
			projectRoot = "";
			targets = (
				3D9E497E1D114E6A005C6F7E /* AVBasicPlayback */,
				3D9E49921D114E6A005C6F7E /* AVBasicPlaybackTests */,
				3D9E499D1D114E6A005C6F7E /* AVBasicPlaybackUITests */,
			);
		};
/* End PBXProject section */

/* Begin PBXResourcesBuildPhase section */
		3D9E497D1D114E6A005C6F7E /* Resources */ = {
			isa = PBXResourcesBuildPhase;
			buildActionMask = 2147483647;
			files = (
				3D9E498D1D114E6A005C6F7E /* LaunchScreen.storyboard in Resources */,
				3D9E498A1D114E6A005C6F7E /* Assets.xcassets in Resources */,
				3D9E49881D114E6A005C6F7E /* Main.storyboard in Resources */,
			);
			runOnlyForDeploymentPostprocessing = 0;
		};
		3D9E49911D114E6A005C6F7E /* Resources */ = {
			isa = PBXResourcesBuildPhase;
			buildActionMask = 2147483647;
			files = (
			);
			runOnlyForDeploymentPostprocessing = 0;
		};
		3D9E499C1D114E6A005C6F7E /* Resources */ = {
			isa = PBXResourcesBuildPhase;
			buildActionMask = 2147483647;
			files = (
			);
			runOnlyForDeploymentPostprocessing = 0;
		};
/* End PBXResourcesBuildPhase section */

/* Begin PBXSourcesBuildPhase section */
		3D9E497B1D114E6A005C6F7E /* Sources */ = {
			isa = PBXSourcesBuildPhase;
			buildActionMask = 2147483647;
			files = (
				3D9E49851D114E6A005C6F7E /* ViewController.swift in Sources */,
				3D9E49831D114E6A005C6F7E /* AppDelegate.swift in Sources */,
			);
			runOnlyForDeploymentPostprocessing = 0;
		};
		3D9E498F1D114E6A005C6F7E /* Sources */ = {
			isa = PBXSourcesBuildPhase;
			buildActionMask = 2147483647;
			files = (
				3D9E49981D114E6A005C6F7E /* AVBasicPlaybackTests.swift in Sources */,
			);
			runOnlyForDeploymentPostprocessing = 0;
		};
		3D9E499A1D114E6A005C6F7E /* Sources */ = {
			isa = PBXSourcesBuildPhase;
			buildActionMask = 2147483647;
			files = (
				3D9E49A31D114E6A005C6F7E /* AVBasicPlaybackUITests.swift in Sources */,
			);
			runOnlyForDeploymentPostprocessing = 0;
		};
/* End PBXSourcesBuildPhase section */

/* Begin PBXTargetDependency section */
		3D9E49951D114E6A005C6F7E /* PBXTargetDependency */ = {
			isa = PBXTargetDependency;
			target = 3D9E497E1D114E6A005C6F7E /* AVBasicPlayback */;
			targetProxy = 3D9E49941D114E6A005C6F7E /* PBXContainerItemProxy */;
		};
		3D9E49A01D114E6A005C6F7E /* PBXTargetDependency */ = {
			isa = PBXTargetDependency;
			target = 3D9E497E1D114E6A005C6F7E /* AVBasicPlayback */;
			targetProxy = 3D9E499F1D114E6A005C6F7E /* PBXContainerItemProxy */;
		};
/* End PBXTargetDependency section */

/* Begin PBXVariantGroup section */
		3D9E49861D114E6A005C6F7E /* Main.storyboard */ = {
			isa = PBXVariantGroup;
			children = (
				3D9E49871D114E6A005C6F7E /* Base */,
			);
			name = Main.storyboard;
			sourceTree = "<group>";
		};
		3D9E498B1D114E6A005C6F7E /* LaunchScreen.storyboard */ = {
			isa = PBXVariantGroup;
			children = (
				3D9E498C1D114E6A005C6F7E /* Base */,
			);
			name = LaunchScreen.storyboard;
			sourceTree = "<group>";
		};
/* End PBXVariantGroup section */

/* Begin XCBuildConfiguration section */
		3D9E49A51D114E6A005C6F7E /* Debug */ = {
			isa = XCBuildConfiguration;
			buildSettings = {
				ALWAYS_SEARCH_USER_PATHS = NO;
				CLANG_ANALYZER_NONNULL = YES;
				CLANG_CXX_LANGUAGE_STANDARD = "gnu++0x";
				CLANG_CXX_LIBRARY = "libc++";
				CLANG_ENABLE_MODULES = YES;
				CLANG_ENABLE_OBJC_ARC = YES;
				CLANG_WARN_BOOL_CONVERSION = YES;
				CLANG_WARN_CONSTANT_CONVERSION = YES;
				CLANG_WARN_DIRECT_OBJC_ISA_USAGE = YES_ERROR;
				CLANG_WARN_EMPTY_BODY = YES;
				CLANG_WARN_ENUM_CONVERSION = YES;
				CLANG_WARN_INT_CONVERSION = YES;
				CLANG_WARN_OBJC_ROOT_CLASS = YES_ERROR;
				CLANG_WARN_UNREACHABLE_CODE = YES;
				CLANG_WARN__DUPLICATE_METHOD_MATCH = YES;
				"CODE_SIGN_IDENTITY[sdk=iphoneos*]" = "iPhone Developer";
				COPY_PHASE_STRIP = NO;
				DEBUG_INFORMATION_FORMAT = dwarf;
				ENABLE_STRICT_OBJC_MSGSEND = YES;
				ENABLE_TESTABILITY = YES;
				GCC_C_LANGUAGE_STANDARD = gnu99;
				GCC_DYNAMIC_NO_PIC = NO;
				GCC_NO_COMMON_BLOCKS = YES;
				GCC_OPTIMIZATION_LEVEL = 0;
				GCC_PREPROCESSOR_DEFINITIONS = (
					"DEBUG=1",
					"$(inherited)",
				);
				GCC_WARN_64_TO_32_BIT_CONVERSION = YES;
				GCC_WARN_ABOUT_RETURN_TYPE = YES_ERROR;
				GCC_WARN_UNDECLARED_SELECTOR = YES;
				GCC_WARN_UNINITIALIZED_AUTOS = YES_AGGRESSIVE;
				GCC_WARN_UNUSED_FUNCTION = YES;
				GCC_WARN_UNUSED_VARIABLE = YES;
				IPHONEOS_DEPLOYMENT_TARGET = 9.3;
				MTL_ENABLE_DEBUG_INFO = YES;
				ONLY_ACTIVE_ARCH = YES;
				SDKROOT = iphoneos;
				SWIFT_OPTIMIZATION_LEVEL = "-Onone";
				TARGETED_DEVICE_FAMILY = "1,2";
			};
			name = Debug;
		};
		3D9E49A61D114E6A005C6F7E /* Release */ = {
			isa = XCBuildConfiguration;
			buildSettings = {
				ALWAYS_SEARCH_USER_PATHS = NO;
				CLANG_ANALYZER_NONNULL = YES;
				CLANG_CXX_LANGUAGE_STANDARD = "gnu++0x";
				CLANG_CXX_LIBRARY = "libc++";
				CLANG_ENABLE_MODULES = YES;
				CLANG_ENABLE_OBJC_ARC = YES;
				CLANG_WARN_BOOL_CONVERSION = YES;
				CLANG_WARN_CONSTANT_CONVERSION = YES;
				CLANG_WARN_DIRECT_OBJC_ISA_USAGE = YES_ERROR;
				CLANG_WARN_EMPTY_BODY = YES;
				CLANG_WARN_ENUM_CONVERSION = YES;
				CLANG_WARN_INT_CONVERSION = YES;
				CLANG_WARN_OBJC_ROOT_CLASS = YES_ERROR;
				CLANG_WARN_UNREACHABLE_CODE = YES;
				CLANG_WARN__DUPLICATE_METHOD_MATCH = YES;
				"CODE_SIGN_IDENTITY[sdk=iphoneos*]" = "iPhone Developer";
				COPY_PHASE_STRIP = NO;
				DEBUG_INFORMATION_FORMAT = "dwarf-with-dsym";
				ENABLE_NS_ASSERTIONS = NO;
				ENABLE_STRICT_OBJC_MSGSEND = YES;
				GCC_C_LANGUAGE_STANDARD = gnu99;
				GCC_NO_COMMON_BLOCKS = YES;
				GCC_WARN_64_TO_32_BIT_CONVERSION = YES;
				GCC_WARN_ABOUT_RETURN_TYPE = YES_ERROR;
				GCC_WARN_UNDECLARED_SELECTOR = YES;
				GCC_WARN_UNINITIALIZED_AUTOS = YES_AGGRESSIVE;
				GCC_WARN_UNUSED_FUNCTION = YES;
				GCC_WARN_UNUSED_VARIABLE = YES;
				IPHONEOS_DEPLOYMENT_TARGET = 9.3;
				MTL_ENABLE_DEBUG_INFO = NO;
				SDKROOT = iphoneos;
				TARGETED_DEVICE_FAMILY = "1,2";
				VALIDATE_PRODUCT = YES;
			};
			name = Release;
		};
		3D9E49A81D114E6A005C6F7E /* Debug */ = {
			isa = XCBuildConfiguration;
			buildSettings = {
				ASSETCATALOG_COMPILER_APPICON_NAME = AppIcon;
				INFOPLIST_FILE = AVBasicPlayback/Info.plist;
				LD_RUNPATH_SEARCH_PATHS = "$(inherited) @executable_path/Frameworks";
				PRODUCT_BUNDLE_IDENTIFIER = kr.ac.sogang.cscp2.prof.AVBasicPlayback;
				PRODUCT_NAME = "$(TARGET_NAME)";
			};
			name = Debug;
		};
		3D9E49A91D114E6A005C6F7E /* Release */ = {
			isa = XCBuildConfiguration;
			buildSettings = {
				ASSETCATALOG_COMPILER_APPICON_NAME = AppIcon;
				INFOPLIST_FILE = AVBasicPlayback/Info.plist;
				LD_RUNPATH_SEARCH_PATHS = "$(inherited) @executable_path/Frameworks";
				PRODUCT_BUNDLE_IDENTIFIER = kr.ac.sogang.cscp2.prof.AVBasicPlayback;
				PRODUCT_NAME = "$(TARGET_NAME)";
			};
			name = Release;
		};
		3D9E49AB1D114E6A005C6F7E /* Debug */ = {
			isa = XCBuildConfiguration;
			buildSettings = {
				BUNDLE_LOADER = "$(TEST_HOST)";
				INFOPLIST_FILE = AVBasicPlaybackTests/Info.plist;
				LD_RUNPATH_SEARCH_PATHS = "$(inherited) @executable_path/Frameworks @loader_path/Frameworks";
				PRODUCT_BUNDLE_IDENTIFIER = kr.ac.sogang.cscp2.prof.AVBasicPlaybackTests;
				PRODUCT_NAME = "$(TARGET_NAME)";
				TEST_HOST = "$(BUILT_PRODUCTS_DIR)/AVBasicPlayback.app/AVBasicPlayback";
			};
			name = Debug;
		};
		3D9E49AC1D114E6A005C6F7E /* Release */ = {
			isa = XCBuildConfiguration;
			buildSettings = {
				BUNDLE_LOADER = "$(TEST_HOST)";
				INFOPLIST_FILE = AVBasicPlaybackTests/Info.plist;
				LD_RUNPATH_SEARCH_PATHS = "$(inherited) @executable_path/Frameworks @loader_path/Frameworks";
				PRODUCT_BUNDLE_IDENTIFIER = kr.ac.sogang.cscp2.prof.AVBasicPlaybackTests;
				PRODUCT_NAME = "$(TARGET_NAME)";
				TEST_HOST = "$(BUILT_PRODUCTS_DIR)/AVBasicPlayback.app/AVBasicPlayback";
			};
			name = Release;
		};
		3D9E49AE1D114E6A005C6F7E /* Debug */ = {
			isa = XCBuildConfiguration;
			buildSettings = {
				INFOPLIST_FILE = AVBasicPlaybackUITests/Info.plist;
				LD_RUNPATH_SEARCH_PATHS = "$(inherited) @executable_path/Frameworks @loader_path/Frameworks";
				PRODUCT_BUNDLE_IDENTIFIER = kr.ac.sogang.cscp2.prof.AVBasicPlaybackUITests;
				PRODUCT_NAME = "$(TARGET_NAME)";
				TEST_TARGET_NAME = AVBasicPlayback;
			};
			name = Debug;
		};
		3D9E49AF1D114E6A005C6F7E /* Release */ = {
			isa = XCBuildConfiguration;
			buildSettings = {
				INFOPLIST_FILE = AVBasicPlaybackUITests/Info.plist;
				LD_RUNPATH_SEARCH_PATHS = "$(inherited) @executable_path/Frameworks @loader_path/Frameworks";
				PRODUCT_BUNDLE_IDENTIFIER = kr.ac.sogang.cscp2.prof.AVBasicPlaybackUITests;
				PRODUCT_NAME = "$(TARGET_NAME)";
				TEST_TARGET_NAME = AVBasicPlayback;
			};
			name = Release;
		};
/* End XCBuildConfiguration section */

/* Begin XCConfigurationList section */
		3D9E497A1D114E6A005C6F7E /* Build configuration list for PBXProject "AVBasicPlayback" */ = {
			isa = XCConfigurationList;
			buildConfigurations = (
				3D9E49A51D114E6A005C6F7E /* Debug */,
				3D9E49A61D114E6A005C6F7E /* Release */,
			);
			defaultConfigurationIsVisible = 0;
			defaultConfigurationName = Release;
		};
		3D9E49A71D114E6A005C6F7E /* Build configuration list for PBXNativeTarget "AVBasicPlayback" */ = {
			isa = XCConfigurationList;
			buildConfigurations = (
				3D9E49A81D114E6A005C6F7E /* Debug */,
				3D9E49A91D114E6A005C6F7E /* Release */,
			);
			defaultConfigurationIsVisible = 0;
		};
		3D9E49AA1D114E6A005C6F7E /* Build configuration list for PBXNativeTarget "AVBasicPlaybackTests" */ = {
			isa = XCConfigurationList;
			buildConfigurations = (
				3D9E49AB1D114E6A005C6F7E /* Debug */,
				3D9E49AC1D114E6A005C6F7E /* Release */,
			);
			defaultConfigurationIsVisible = 0;
		};
		3D9E49AD1D114E6A005C6F7E /* Build configuration list for PBXNativeTarget "AVBasicPlaybackUITests" */ = {
			isa = XCConfigurationList;
			buildConfigurations = (
				3D9E49AE1D114E6A005C6F7E /* Debug */,
				3D9E49AF1D114E6A005C6F7E /* Release */,
			);
			defaultConfigurationIsVisible = 0;
		};
/* End XCConfigurationList section */
	};
	rootObject = 3D9E49771D114E6A005C6F7E /* Project object */;
}
